{
  "name": "trac-web-examples",
  "version": "0.0.0-DEVELOPMENT",
  "lockfileVersion": 2,
  "requires": true,
  "packages": {
    "": {
      "name": "trac-web-examples",
      "version": "0.0.0-DEVELOPMENT",
      "license": "Apache-2.0",
      "dependencies": {
        "trac-web-api": "file:../../../trac-api/packages/web",
        "xhr2": "^0.2.1"
      }
    },
    "../../../trac-api/packages/web": {
      "name": "trac-web-api",
      "version": "0.0.0-DEVELOPMENT",
      "license": "Apache-2.0",
      "dependencies": {
        "grpc-web": "~1.2.1",
        "protobufjs": "~6.11.2"
      },
      "devDependencies": {}
    },
    "node_modules/trac-web-api": {
      "resolved": "../../../trac-api/packages/web",
      "link": true
    },
    "node_modules/xhr2": {
      "version": "0.2.1",
      "resolved": "https://registry.npmjs.org/xhr2/-/xhr2-0.2.1.tgz",
      "integrity": "sha512-sID0rrVCqkVNUn8t6xuv9+6FViXjUVXq8H5rWOH2rz9fDNQEd4g0EA2XlcEdJXRz5BMEn4O1pJFdT+z4YHhoWw==",
      "engines": {
        "node": ">= 6"
      }
    }
  },
  "dependencies": {
    "trac-web-api": {
      "version": "file:../../../trac-api/packages/web",
      "requires": {
        "grpc-web": "~1.2.1",
        "protobufjs": "~6.11.2"
      }
    },
    "xhr2": {
      "version": "0.2.1",
      "resolved": "https://registry.npmjs.org/xhr2/-/xhr2-0.2.1.tgz",
      "integrity": "sha512-sID0rrVCqkVNUn8t6xuv9+6FViXjUVXq8H5rWOH2rz9fDNQEd4g0EA2XlcEdJXRz5BMEn4O1pJFdT+z4YHhoWw=="
    }
  }
}
